
Microsoft Visual Studio Solution File, Format Version 12.00
# Visual Studio Version 17
VisualStudioVersion = 17.9.34714.143
MinimumVisualStudioVersion = 10.0.40219.1
Project("{FAE04EC0-301F-11D3-BF4B-00C04F79EFBC}") = "DocuMentor.Api", "DocuMentor.Api\DocuMentor.Api.csproj", "{608DD8F1-7B25-454F-965E-665F2C865D4A}"
EndProject
Global
	GlobalSection(SolutionConfigurationPlatforms) = preSolution
		Debug|Any CPU = Debug|Any CPU
		Release|Any CPU = Release|Any CPU
	EndGlobalSection
	GlobalSection(ProjectConfigurationPlatforms) = postSolution
		{608DD8F1-7B25-454F-965E-665F2C865D4A}.Debug|Any CPU.ActiveCfg = Debug|Any CPU
		{608DD8F1-7B25-454F-965E-665F2C865D4A}.Debug|Any CPU.Build.0 = Debug|Any CPU
		{608DD8F1-7B25-454F-965E-665F2C865D4A}.Release|Any CPU.ActiveCfg = Release|Any CPU
		{608DD8F1-7B25-454F-965E-665F2C865D4A}.Release|Any CPU.Build.0 = Release|Any CPU
	EndGlobalSection
	GlobalSection(SolutionProperties) = preSolution
		HideSolutionNode = FALSE
	EndGlobalSection
	GlobalSection(ExtensibilityGlobals) = postSolution
		SolutionGuid = {250445DD-903C-4332-B311-FF5F16CBF976}
	EndGlobalSection
EndGlobal
